
Microsoft Visual Studio Solution File, Format Version 12.00
# Visual Studio Version 17
VisualStudioVersion = 17.11.35327.3
MinimumVisualStudioVersion = 10.0.40219.1
Project("{FAE04EC0-301F-11D3-BF4B-00C04F79EFBC}") = "BestStoreMVC", "BestStoreMVC\BestStoreMVC.csproj", "{39B3547D-38FE-42D6-A2AF-FF77E88E0C4F}"
EndProject
Global
	GlobalSection(SolutionConfigurationPlatforms) = preSolution
		Debug|Any CPU = Debug|Any CPU
		Release|Any CPU = Release|Any CPU
	EndGlobalSection
	GlobalSection(ProjectConfigurationPlatforms) = postSolution
		{39B3547D-38FE-42D6-A2AF-FF77E88E0C4F}.Debug|Any CPU.ActiveCfg = Debug|Any CPU
		{39B3547D-38FE-42D6-A2AF-FF77E88E0C4F}.Debug|Any CPU.Build.0 = Debug|Any CPU
		{39B3547D-38FE-42D6-A2AF-FF77E88E0C4F}.Release|Any CPU.ActiveCfg = Release|Any CPU
		{39B3547D-38FE-42D6-A2AF-FF77E88E0C4F}.Release|Any CPU.Build.0 = Release|Any CPU
	EndGlobalSection
	GlobalSection(SolutionProperties) = preSolution
		HideSolutionNode = FALSE
	EndGlobalSection
	GlobalSection(ExtensibilityGlobals) = postSolution
		SolutionGuid = {B6C2F061-B43C-44D2-BB2D-816AAAD5A308}
	EndGlobalSection
EndGlobal
